
Microsoft Visual Studio Solution File, Format Version 12.00
# Visual Studio Version 17
VisualStudioVersion = 17.0.31903.59
MinimumVisualStudioVersion = 10.0.40219.1
Project("{FAE04EC0-301F-11D3-BF4B-00C04F79EFBC}") = "BookmarkManager", "BookmarkManager\BookmarkManager.csproj", "{F375F40B-0916-4E18-8D11-7084A44B3790}"
EndProject
Project("{FAE04EC0-301F-11D3-BF4B-00C04F79EFBC}") = "Shared", "Shared\Shared.csproj", "{FA3F4557-7C2D-410B-A9E3-642BCE8E0B09}"
EndProject
Global
	GlobalSection(SolutionConfigurationPlatforms) = preSolution
		Debug|Any CPU = Debug|Any CPU
		Release|Any CPU = Release|Any CPU
	EndGlobalSection
	GlobalSection(SolutionProperties) = preSolution
		HideSolutionNode = FALSE
	EndGlobalSection
	GlobalSection(ProjectConfigurationPlatforms) = postSolution
		{F375F40B-0916-4E18-8D11-7084A44B3790}.Debug|Any CPU.ActiveCfg = Debug|Any CPU
		{F375F40B-0916-4E18-8D11-7084A44B3790}.Debug|Any CPU.Build.0 = Debug|Any CPU
		{F375F40B-0916-4E18-8D11-7084A44B3790}.Release|Any CPU.ActiveCfg = Release|Any CPU
		{F375F40B-0916-4E18-8D11-7084A44B3790}.Release|Any CPU.Build.0 = Release|Any CPU
		{FA3F4557-7C2D-410B-A9E3-642BCE8E0B09}.Debug|Any CPU.ActiveCfg = Debug|Any CPU
		{FA3F4557-7C2D-410B-A9E3-642BCE8E0B09}.Debug|Any CPU.Build.0 = Debug|Any CPU
		{FA3F4557-7C2D-410B-A9E3-642BCE8E0B09}.Release|Any CPU.ActiveCfg = Release|Any CPU
		{FA3F4557-7C2D-410B-A9E3-642BCE8E0B09}.Release|Any CPU.Build.0 = Release|Any CPU
	EndGlobalSection
EndGlobal
